
Microsoft Visual Studio Solution File, Format Version 12.00
# Visual Studio Version 17
VisualStudioVersion = 17.14.36518.9
MinimumVisualStudioVersion = 10.0.40219.1
Project("{2150E333-8FDC-42A3-9474-1A3956D46DE8}") = "src", "src", "{02EA681E-C7D8-13C7-8484-4AC65E1B71E8}"
	ProjectSection(SolutionItems) = preProject
		.env = .env
	EndProjectSection
EndProject
Project("{2150E333-8FDC-42A3-9474-1A3956D46DE8}") = "docker", "docker", "{C2E74F12-19D9-4DFE-8818-3F841B33C287}"
	ProjectSection(SolutionItems) = preProject
		api.Dockerfile = api.Dockerfile
		docker-compose.yml = docker-compose.yml
	EndProjectSection
EndProject
Project("{FAE04EC0-301F-11D3-BF4B-00C04F79EFBC}") = "FalconTouch.Api", "FalconTouch.Api\FalconTouch.Api.csproj", "{CDFCC1A3-9DE2-4743-BB7E-5CBF8CD6EC9A}"
EndProject
Project("{FAE04EC0-301F-11D3-BF4B-00C04F79EFBC}") = "FalconTouch.Domain", "FalconTouch.Domain\FalconTouch.Domain.csproj", "{DE44A186-E515-4597-B3BF-6A0933192222}"
EndProject
Project("{FAE04EC0-301F-11D3-BF4B-00C04F79EFBC}") = "FalconTouch.Infrastructure", "FalconTouch.Infrastructure\FalconTouch.Infrastructure.csproj", "{F5018DAD-B07D-4670-A81F-6611A7AD7138}"
EndProject
Project("{FAE04EC0-301F-11D3-BF4B-00C04F79EFBC}") = "FalconTouch.Application", "FalconTouch.Application\FalconTouch.Application.csproj", "{DD996059-883B-4EAA-9A7D-57CA3CECC95C}"
EndProject
Project("{2150E333-8FDC-42A3-9474-1A3956D46DE8}") = "tests", "tests", "{8447882C-D96D-4855-B8A3-B8EA95DD517B}"
EndProject
Project("{FAE04EC0-301F-11D3-BF4B-00C04F79EFBC}") = "FalconTouch.UnitTest", "FalconTouch.UnitTest\FalconTouch.UnitTest.csproj", "{2CC2F7ED-9FAC-4DFA-89E9-AD37B64FDF22}"
EndProject
Project("{2150E333-8FDC-42A3-9474-1A3956D46DE8}") = "infra", "infra", "{0542B2A5-885F-4246-B4E4-CE4C3FB66D13}"
	ProjectSection(SolutionItems) = preProject
		infra\main.tf = infra\main.tf
		infra\outputs.tf = infra\outputs.tf
		infra\variables.tf = infra\variables.tf
		infra\terraform.tfvars = infra\terraform.tfvars
	EndProjectSection
EndProject
Global
	GlobalSection(SolutionConfigurationPlatforms) = preSolution
		Debug|Any CPU = Debug|Any CPU
		Release|Any CPU = Release|Any CPU
	EndGlobalSection
	GlobalSection(ProjectConfigurationPlatforms) = postSolution
		{CDFCC1A3-9DE2-4743-BB7E-5CBF8CD6EC9A}.Debug|Any CPU.ActiveCfg = Debug|Any CPU
		{CDFCC1A3-9DE2-4743-BB7E-5CBF8CD6EC9A}.Debug|Any CPU.Build.0 = Debug|Any CPU
		{CDFCC1A3-9DE2-4743-BB7E-5CBF8CD6EC9A}.Release|Any CPU.ActiveCfg = Release|Any CPU
		{CDFCC1A3-9DE2-4743-BB7E-5CBF8CD6EC9A}.Release|Any CPU.Build.0 = Release|Any CPU
		{DE44A186-E515-4597-B3BF-6A0933192222}.Debug|Any CPU.ActiveCfg = Debug|Any CPU
		{DE44A186-E515-4597-B3BF-6A0933192222}.Debug|Any CPU.Build.0 = Debug|Any CPU
		{DE44A186-E515-4597-B3BF-6A0933192222}.Release|Any CPU.ActiveCfg = Release|Any CPU
		{DE44A186-E515-4597-B3BF-6A0933192222}.Release|Any CPU.Build.0 = Release|Any CPU
		{F5018DAD-B07D-4670-A81F-6611A7AD7138}.Debug|Any CPU.ActiveCfg = Debug|Any CPU
		{F5018DAD-B07D-4670-A81F-6611A7AD7138}.Debug|Any CPU.Build.0 = Debug|Any CPU
		{F5018DAD-B07D-4670-A81F-6611A7AD7138}.Release|Any CPU.ActiveCfg = Release|Any CPU
		{F5018DAD-B07D-4670-A81F-6611A7AD7138}.Release|Any CPU.Build.0 = Release|Any CPU
		{DD996059-883B-4EAA-9A7D-57CA3CECC95C}.Debug|Any CPU.ActiveCfg = Debug|Any CPU
		{DD996059-883B-4EAA-9A7D-57CA3CECC95C}.Debug|Any CPU.Build.0 = Debug|Any CPU
		{DD996059-883B-4EAA-9A7D-57CA3CECC95C}.Release|Any CPU.ActiveCfg = Release|Any CPU
		{DD996059-883B-4EAA-9A7D-57CA3CECC95C}.Release|Any CPU.Build.0 = Release|Any CPU
		{2CC2F7ED-9FAC-4DFA-89E9-AD37B64FDF22}.Debug|Any CPU.ActiveCfg = Debug|Any CPU
		{2CC2F7ED-9FAC-4DFA-89E9-AD37B64FDF22}.Debug|Any CPU.Build.0 = Debug|Any CPU
		{2CC2F7ED-9FAC-4DFA-89E9-AD37B64FDF22}.Release|Any CPU.ActiveCfg = Release|Any CPU
		{2CC2F7ED-9FAC-4DFA-89E9-AD37B64FDF22}.Release|Any CPU.Build.0 = Release|Any CPU
	EndGlobalSection
	GlobalSection(SolutionProperties) = preSolution
		HideSolutionNode = FALSE
	EndGlobalSection
	GlobalSection(NestedProjects) = preSolution
		{CDFCC1A3-9DE2-4743-BB7E-5CBF8CD6EC9A} = {02EA681E-C7D8-13C7-8484-4AC65E1B71E8}
		{DE44A186-E515-4597-B3BF-6A0933192222} = {02EA681E-C7D8-13C7-8484-4AC65E1B71E8}
		{F5018DAD-B07D-4670-A81F-6611A7AD7138} = {02EA681E-C7D8-13C7-8484-4AC65E1B71E8}
		{DD996059-883B-4EAA-9A7D-57CA3CECC95C} = {02EA681E-C7D8-13C7-8484-4AC65E1B71E8}
		{2CC2F7ED-9FAC-4DFA-89E9-AD37B64FDF22} = {8447882C-D96D-4855-B8A3-B8EA95DD517B}
	EndGlobalSection
	GlobalSection(ExtensibilityGlobals) = postSolution
		SolutionGuid = {E19CEF21-8686-4712-A593-AB79C5F68669}
	EndGlobalSection
EndGlobal
