{
  "version": 4,
  "terraform_version": "1.13.4",
  "serial": 8,
  "lineage": "89d84c1a-71c6-29bb-9870-55768f4f661f",
  "outputs": {
    "acr_login_server": {
      "value": "henteqacr.azurecr.io",
      "type": "string"
    },
    "postgres_fqdn": {
      "value": "falcontouch-api-app-server.postgres.database.azure.com",
      "type": "string"
    },
    "resource_group": {
      "value": "rg-falcontouch",
      "type": "string"
    }
  },
  "resources": [
    {
      "mode": "data",
      "type": "azurerm_subscription",
      "name": "current",
      "provider": "provider[\"registry.terraform.io/hashicorp/azurerm\"]",
      "instances": [
        {
          "schema_version": 0,
          "attributes": {
            "display_name": "Azure subscription 1",
            "id": "/subscriptions/84f3c80b-02c4-4f4c-a12e-dd0f9e8d7edc",
            "location_placement_id": "Public_2014-09-01",
            "quota_id": "PayAsYouGo_2014-09-01",
            "spending_limit": "Off",
            "state": "Enabled",
            "subscription_id": "84f3c80b-02c4-4f4c-a12e-dd0f9e8d7edc",
            "tags": {},
            "tenant_id": "75018aee-3ba6-438f-b389-855959a96d1b",
            "timeouts": null
          },
          "sensitive_attributes": [],
          "identity_schema_version": 0
        }
      ]
    },
    {
      "mode": "managed",
      "type": "azurerm_container_registry",
      "name": "acr",
      "provider": "provider[\"registry.terraform.io/hashicorp/azurerm\"]",
      "instances": [
        {
          "schema_version": 2,
          "attributes": {
            "admin_enabled": false,
            "admin_password": "",
            "admin_username": "",
            "anonymous_pull_enabled": false,
            "data_endpoint_enabled": false,
            "data_endpoint_host_names": [],
            "encryption": [],
            "export_policy_enabled": true,
            "georeplications": [],
            "id": "/subscriptions/84f3c80b-02c4-4f4c-a12e-dd0f9e8d7edc/resourceGroups/rg-falcontouch/providers/Microsoft.ContainerRegistry/registries/henteqacr",
            "identity": [],
            "location": "brazilsouth",
            "login_server": "henteqacr.azurecr.io",
            "name": "henteqacr",
            "network_rule_bypass_option": "AzureServices",
            "network_rule_set": [],
            "public_network_access_enabled": true,
            "quarantine_policy_enabled": false,
            "resource_group_name": "rg-falcontouch",
            "retention_policy_in_days": 0,
            "sku": "Basic",
            "tags": null,
            "timeouts": null,
            "trust_policy_enabled": false,
            "zone_redundancy_enabled": false
          },
          "sensitive_attributes": [
            [
              {
                "type": "get_attr",
                "value": "admin_password"
              }
            ]
          ],
          "identity_schema_version": 0,
          "private": "eyJlMmJmYjczMC1lY2FhLTExZTYtOGY4OC0zNDM2M2JjN2M0YzAiOnsiY3JlYXRlIjoxODAwMDAwMDAwMDAwLCJkZWxldGUiOjE4MDAwMDAwMDAwMDAsInJlYWQiOjMwMDAwMDAwMDAwMCwidXBkYXRlIjoxODAwMDAwMDAwMDAwfSwic2NoZW1hX3ZlcnNpb24iOiIyIn0=",
          "dependencies": [
            "azurerm_resource_group.rg"
          ]
        }
      ]
    },
    {
      "mode": "managed",
      "type": "azurerm_postgresql_flexible_server",
      "name": "pg",
      "provider": "provider[\"registry.terraform.io/hashicorp/azurerm\"]",
      "instances": [
        {
          "schema_version": 0,
          "attributes": {
            "administrator_login": "falcontouchadmin",
            "administrator_password": "ClickToWin_PG_2025_Admin_!NovaSenha123",
            "administrator_password_wo": null,
            "administrator_password_wo_version": 0,
            "authentication": [
              {
                "active_directory_auth_enabled": false,
                "password_auth_enabled": true,
                "tenant_id": ""
              }
            ],
            "auto_grow_enabled": false,
            "backup_retention_days": 7,
            "create_mode": null,
            "customer_managed_key": [],
            "delegated_subnet_id": "",
            "fqdn": "falcontouch-api-app-server.postgres.database.azure.com",
            "geo_redundant_backup_enabled": false,
            "high_availability": [],
            "id": "/subscriptions/84f3c80b-02c4-4f4c-a12e-dd0f9e8d7edc/resourceGroups/rg-falcontouch/providers/Microsoft.DBforPostgreSQL/flexibleServers/falcontouch-api-app-server",
            "identity": [],
            "location": "brazilsouth",
            "maintenance_window": [],
            "name": "falcontouch-api-app-server",
            "point_in_time_restore_time_in_utc": "",
            "private_dns_zone_id": "",
            "public_network_access_enabled": true,
            "replication_role": "",
            "resource_group_name": "rg-falcontouch",
            "sku_name": "B_Standard_B1ms",
            "source_server_id": "",
            "storage_mb": 32768,
            "storage_tier": "P4",
            "tags": null,
            "timeouts": null,
            "version": "16",
            "zone": "2"
          },
          "sensitive_attributes": [
            [
              {
                "type": "get_attr",
                "value": "administrator_password"
              }
            ]
          ],
          "identity_schema_version": 0,
          "private": "eyJlMmJmYjczMC1lY2FhLTExZTYtOGY4OC0zNDM2M2JjN2M0YzAiOnsiY3JlYXRlIjozNjAwMDAwMDAwMDAwLCJkZWxldGUiOjM2MDAwMDAwMDAwMDAsInJlYWQiOjMwMDAwMDAwMDAwMCwidXBkYXRlIjozNjAwMDAwMDAwMDAwfX0=",
          "dependencies": [
            "azurerm_resource_group.rg"
          ]
        }
      ]
    },
    {
      "mode": "managed",
      "type": "azurerm_postgresql_flexible_server_database",
      "name": "pgdb",
      "provider": "provider[\"registry.terraform.io/hashicorp/azurerm\"]",
      "instances": [
        {
          "schema_version": 0,
          "attributes": {
            "charset": "UTF8",
            "collation": "en_US.utf8",
            "id": "/subscriptions/84f3c80b-02c4-4f4c-a12e-dd0f9e8d7edc/resourceGroups/rg-falcontouch/providers/Microsoft.DBforPostgreSQL/flexibleServers/falcontouch-api-app-server/databases/falcontouch-api-app-database",
            "name": "falcontouch-api-app-database",
            "server_id": "/subscriptions/84f3c80b-02c4-4f4c-a12e-dd0f9e8d7edc/resourceGroups/rg-falcontouch/providers/Microsoft.DBforPostgreSQL/flexibleServers/falcontouch-api-app-server",
            "timeouts": null
          },
          "sensitive_attributes": [],
          "identity_schema_version": 0,
          "private": "eyJlMmJmYjczMC1lY2FhLTExZTYtOGY4OC0zNDM2M2JjN2M0YzAiOnsiY3JlYXRlIjoxODAwMDAwMDAwMDAwLCJkZWxldGUiOjE4MDAwMDAwMDAwMDAsInJlYWQiOjMwMDAwMDAwMDAwMH19",
          "dependencies": [
            "azurerm_postgresql_flexible_server.pg",
            "azurerm_resource_group.rg"
          ]
        }
      ]
    },
    {
      "mode": "managed",
      "type": "azurerm_postgresql_flexible_server_firewall_rule",
      "name": "allow_all",
      "provider": "provider[\"registry.terraform.io/hashicorp/azurerm\"]",
      "instances": [
        {
          "schema_version": 0,
          "attributes": {
            "end_ip_address": "255.255.255.255",
            "id": "/subscriptions/84f3c80b-02c4-4f4c-a12e-dd0f9e8d7edc/resourceGroups/rg-falcontouch/providers/Microsoft.DBforPostgreSQL/flexibleServers/falcontouch-api-app-server/firewallRules/allow-all-ip",
            "name": "allow-all-ip",
            "server_id": "/subscriptions/84f3c80b-02c4-4f4c-a12e-dd0f9e8d7edc/resourceGroups/rg-falcontouch/providers/Microsoft.DBforPostgreSQL/flexibleServers/falcontouch-api-app-server",
            "start_ip_address": "0.0.0.0",
            "timeouts": null
          },
          "sensitive_attributes": [],
          "identity_schema_version": 0,
          "identity": {
            "flexible_server_name": "falcontouch-api-app-server",
            "name": "allow-all-ip",
            "resource_group_name": "rg-falcontouch",
            "subscription_id": "84f3c80b-02c4-4f4c-a12e-dd0f9e8d7edc"
          },
          "private": "eyJlMmJmYjczMC1lY2FhLTExZTYtOGY4OC0zNDM2M2JjN2M0YzAiOnsiY3JlYXRlIjoxODAwMDAwMDAwMDAwLCJkZWxldGUiOjE4MDAwMDAwMDAwMDAsInJlYWQiOjMwMDAwMDAwMDAwMCwidXBkYXRlIjoxODAwMDAwMDAwMDAwfX0=",
          "dependencies": [
            "azurerm_postgresql_flexible_server.pg",
            "azurerm_resource_group.rg"
          ]
        }
      ]
    },
    {
      "mode": "managed",
      "type": "azurerm_resource_group",
      "name": "rg",
      "provider": "provider[\"registry.terraform.io/hashicorp/azurerm\"]",
      "instances": [
        {
          "schema_version": 0,
          "attributes": {
            "id": "/subscriptions/84f3c80b-02c4-4f4c-a12e-dd0f9e8d7edc/resourceGroups/rg-falcontouch",
            "location": "brazilsouth",
            "managed_by": "",
            "name": "rg-falcontouch",
            "tags": null,
            "timeouts": null
          },
          "sensitive_attributes": [],
          "identity_schema_version": 0,
          "identity": {
            "name": "rg-falcontouch",
            "subscription_id": "84f3c80b-02c4-4f4c-a12e-dd0f9e8d7edc"
          },
          "private": "eyJlMmJmYjczMC1lY2FhLTExZTYtOGY4OC0zNDM2M2JjN2M0YzAiOnsiY3JlYXRlIjo1NDAwMDAwMDAwMDAwLCJkZWxldGUiOjU0MDAwMDAwMDAwMDAsInJlYWQiOjMwMDAwMDAwMDAwMCwidXBkYXRlIjo1NDAwMDAwMDAwMDAwfX0="
        }
      ]
    },
    {
      "mode": "managed",
      "type": "azurerm_service_plan",
      "name": "asp",
      "provider": "provider[\"registry.terraform.io/hashicorp/azurerm\"]",
      "instances": [
        {
          "schema_version": 1,
          "attributes": {
            "app_service_environment_id": "",
            "id": "/subscriptions/84f3c80b-02c4-4f4c-a12e-dd0f9e8d7edc/resourceGroups/rg-falcontouch/providers/Microsoft.Web/serverFarms/asp-falcontouch-linux",
            "kind": "linux",
            "location": "brazilsouth",
            "maximum_elastic_worker_count": 1,
            "name": "asp-falcontouch-linux",
            "os_type": "Linux",
            "per_site_scaling_enabled": false,
            "premium_plan_auto_scale_enabled": false,
            "reserved": true,
            "resource_group_name": "rg-falcontouch",
            "sku_name": "B1",
            "tags": null,
            "timeouts": null,
            "worker_count": 1,
            "zone_balancing_enabled": false
          },
          "sensitive_attributes": [],
          "identity_schema_version": 0,
          "private": "eyJlMmJmYjczMC1lY2FhLTExZTYtOGY4OC0zNDM2M2JjN2M0YzAiOnsiY3JlYXRlIjozNjAwMDAwMDAwMDAwLCJkZWxldGUiOjM2MDAwMDAwMDAwMDAsInJlYWQiOjMwMDAwMDAwMDAwMCwidXBkYXRlIjozNjAwMDAwMDAwMDAwfSwic2NoZW1hX3ZlcnNpb24iOiIxIn0=",
          "dependencies": [
            "azurerm_resource_group.rg"
          ]
        }
      ]
    }
  ],
  "check_results": null
}
